PODS:
  - AFNetworking (2.5.0):
    - AFNetworking/NSURLConnection (= 2.5.0)
    - AFNetworking/NSURLSession (= 2.5.0)
    - AFNetworking/Reachability (= 2.5.0)
    - AFNetworking/Security (= 2.5.0)
    - AFNetworking/Serialization (= 2.5.0)
    - AFNetworking/UIKit (= 2.5.0)
  - AFNetworking/NSURLConnection (2.5.0):
    - AFNetworking/Reachability
    - AFNetworking/Security
    - AFNetworking/Serialization
  - AFNetworking/NSURLSession (2.5.0):
    - AFNetworking/Reachability
    - AFNetworking/Security
    - AFNetworking/Serialization
  - AFNetworking/Reachability (2.5.0)
  - AFNetworking/Security (2.5.0)
  - AFNetworking/Serialization (2.5.0)
  - AFNetworking/UIKit (2.5.0):
    - AFNetworking/NSURLConnection
    - AFNetworking/NSURLSession
  - AVOSCloud (2.6.7)
  - MessageDisplayKit (3.0.1)
  - RBStoryboardLink (0.1.0)
  - Reachability (3.2)
  - SWTableViewCell (0.3.7)

DEPENDENCIES:
  - AFNetworking
  - AVOSCloud
  - MessageDisplayKit
  - RBStoryboardLink (~> 0.1.0)
  - Reachability
  - SWTableViewCell

SPEC CHECKSUMS:
  AFNetworking: 0f54cb5d16ce38c1b76948faffb8d5fb705021c7
  AVOSCloud: b9b7123e576d9d4a30d912e52a100a2561f841dd
  MessageDisplayKit: 63e964f5ade8e1666db16fe0c0c660e2429f2aaf
  RBStoryboardLink: 2abe4697a7dd6137482590b044f6e4f1c2b05837
  Reachability: 1ef8adf5c4e3d362f96515d4278f68dad3c26930
  SWTableViewCell: 25de71898e3fcd11cf75707ef90245acf990ec03

COCOAPODS: 0.35.0
